{
  "nodes": {
    "nixpkgs": {
      "locked": {
        "lastModified": 1618696424,
        "narHash": "sha256-MuEBrQ8xQcsz2OXNXhRg+M2pwqtzaW4IQZC7zRiIUsk=",
        "owner": "NixOS",
        "repo": "nixpkgs",
        "rev": "744f5ff79ad042f7fddf0b7ca6e25a12be360d48",
        "type": "github"
      },
      "original": {
        "id": "nixpkgs",
        "type": "indirect"
      }
    },
    "root": {
      "inputs": {
        "nixpkgs": "nixpkgs"
      }
    }
  },
  "root": "root",
  "version": 7
}
